{
  "name": "loql",
  "version": "1.0.0",
  "lockfileVersion": 2,
  "requires": true,
  "packages": {
    "": {
      "name": "loql",
      "version": "1.0.0",
      "license": "MIT",
      "dependencies": {
        "crypto-js": "^4.1.1",
        "idb": "^6.1.2"
      }
    },
    "node_modules/crypto-js": {
      "version": "4.1.1",
      "resolved": "https://registry.npmjs.org/crypto-js/-/crypto-js-4.1.1.tgz",
      "integrity": "sha512-o2JlM7ydqd3Qk9CA0L4NL6mTzU2sdx96a+oOfPu8Mkl/PK51vSyoi8/rQ8NknZtk44vq15lmhAj9CIAGwgeWKw=="
    },
    "node_modules/idb": {
      "version": "6.1.2",
      "resolved": "https://registry.npmjs.org/idb/-/idb-6.1.2.tgz",
      "integrity": "sha512-1DNDVu3yDhAZkFDlJf0t7r+GLZ248F5pTAtA7V0oVG3yjmV125qZOx3g0XpAEkGZVYQiFDAsSOnGet2bhugc3w=="
    }
  },
  "dependencies": {
    "crypto-js": {
      "version": "4.1.1",
      "resolved": "https://registry.npmjs.org/crypto-js/-/crypto-js-4.1.1.tgz",
      "integrity": "sha512-o2JlM7ydqd3Qk9CA0L4NL6mTzU2sdx96a+oOfPu8Mkl/PK51vSyoi8/rQ8NknZtk44vq15lmhAj9CIAGwgeWKw=="
    },
    "idb": {
      "version": "6.1.2",
      "resolved": "https://registry.npmjs.org/idb/-/idb-6.1.2.tgz",
      "integrity": "sha512-1DNDVu3yDhAZkFDlJf0t7r+GLZ248F5pTAtA7V0oVG3yjmV125qZOx3g0XpAEkGZVYQiFDAsSOnGet2bhugc3w=="
    }
  }
}
