{
  "name": "loql",
  "version": "1.0.0",
  "lockfileVersion": 1,
  "requires": true,
  "dependencies": {
    "idb": {
      "version": "6.1.2",
      "resolved": "https://registry.npmjs.org/idb/-/idb-6.1.2.tgz",
      "integrity": "sha512-1DNDVu3yDhAZkFDlJf0t7r+GLZ248F5pTAtA7V0oVG3yjmV125qZOx3g0XpAEkGZVYQiFDAsSOnGet2bhugc3w=="
    },
    "lodash": {
      "version": "4.17.21",
      "resolved": "https://registry.npmjs.org/lodash/-/lodash-4.17.21.tgz",
      "integrity": "sha512-v2kDEe57lecTulaDIuNTPy3Ry4gLGJ6Z1O3vE1krgXZNrsQ+LFTGHVxVjcXPs17LhbZVGedAJv8XZ1tvj5FvSg=="
    },
    "react-chartjs-2": {
      "version": "3.0.4",
      "resolved": "https://registry.npmjs.org/react-chartjs-2/-/react-chartjs-2-3.0.4.tgz",
      "integrity": "sha512-pcbFNpkPMTkGXXJ7k7hnukbRD0ZV01qB6JQY1ontITc2IYvhGlK6BBDy28VeydYs1Dl/c5ZpRgRVEtT5GUnxcQ==",
      "requires": {
        "lodash": "^4.17.19"
      }
    }
  }
}
